{
  "version": 4,
  "terraform_version": "1.3.7",
  "serial": 8,
  "lineage": "cd750320-2333-2828-74e6-b9b35047e746",
  "outputs": {},
  "resources": [
    {
      "mode": "managed",
      "type": "aws_iam_user",
      "name": "Terraform_Map_03",
      "provider": "provider[\"registry.terraform.io/hashicorp/aws\"]",
      "instances": [
        {
          "index_key": "Nikhil",
          "schema_version": 0,
          "attributes": {
            "arn": "arn:aws:iam::850416732485:user/Nikhil",
            "force_destroy": false,
            "id": "Nikhil",
            "name": "Nikhil",
            "path": "/",
            "permissions_boundary": null,
            "tags": {
              "Country": "Dubai",
              "Department": "Business_Management"
            },
            "tags_all": {
              "Country": "Dubai",
              "Department": "Business_Management"
            },
            "unique_id": "AIDA4MAGJRFCYKSBYGB2F"
          },
          "sensitive_attributes": [],
          "private": "bnVsbA=="
        },
        {
          "index_key": "Piyush",
          "schema_version": 0,
          "attributes": {
            "arn": "arn:aws:iam::850416732485:user/Piyush",
            "force_destroy": false,
            "id": "Piyush",
            "name": "Piyush",
            "path": "/",
            "permissions_boundary": null,
            "tags": {
              "Country": "India",
              "Department": "Mechanical"
            },
            "tags_all": {
              "Country": "India",
              "Department": "Mechanical"
            },
            "unique_id": "AIDA4MAGJRFCY7XMKZWGG"
          },
          "sensitive_attributes": [],
          "private": "bnVsbA=="
        },
        {
          "index_key": "Ramit",
          "schema_version": 0,
          "attributes": {
            "arn": "arn:aws:iam::850416732485:user/Ramit",
            "force_destroy": false,
            "id": "Ramit",
            "name": "Ramit",
            "path": "/",
            "permissions_boundary": null,
            "tags": {
              "Country": "US",
              "Department": "Computer_Science"
            },
            "tags_all": {
              "Country": "US",
              "Department": "Computer_Science"
            },
            "unique_id": "AIDA4MAGJRFC6ZWI7DGWI"
          },
          "sensitive_attributes": [],
          "private": "bnVsbA=="
        }
      ]
    }
  ],
  "check_results": null
}
