{
  "version": 4,
  "terraform_version": "1.3.7",
  "serial": 23,
  "lineage": "13fc06f3-f454-4c2f-f04e-19b7fccaccc2",
  "outputs": {},
  "resources": [
    {
      "mode": "managed",
      "type": "aws_iam_user",
      "name": "Terraform_list_set_03",
      "provider": "provider[\"registry.terraform.io/hashicorp/aws\"]",
      "instances": [
        {
          "index_key": "Nikhil",
          "schema_version": 0,
          "attributes": {
            "arn": "arn:aws:iam::850416732485:user/Nikhil",
            "force_destroy": false,
            "id": "Nikhil",
            "name": "Nikhil",
            "path": "/",
            "permissions_boundary": null,
            "tags": {},
            "tags_all": {},
            "unique_id": "AIDA4MAGJRFC4ZSF2DRWM"
          },
          "sensitive_attributes": [],
          "private": "bnVsbA=="
        },
        {
          "index_key": "Piyush",
          "schema_version": 0,
          "attributes": {
            "arn": "arn:aws:iam::850416732485:user/Piyush",
            "force_destroy": false,
            "id": "Piyush",
            "name": "Piyush",
            "path": "/",
            "permissions_boundary": null,
            "tags": {},
            "tags_all": {},
            "unique_id": "AIDA4MAGJRFCY3XM3QEKW"
          },
          "sensitive_attributes": [],
          "private": "bnVsbA=="
        },
        {
          "index_key": "Ramit",
          "schema_version": 0,
          "attributes": {
            "arn": "arn:aws:iam::850416732485:user/Ramit",
            "force_destroy": false,
            "id": "Ramit",
            "name": "Ramit",
            "path": "/",
            "permissions_boundary": null,
            "tags": {},
            "tags_all": {},
            "unique_id": "AIDA4MAGJRFC2LGSE5FGV"
          },
          "sensitive_attributes": [],
          "private": "bnVsbA=="
        }
      ]
    }
  ],
  "check_results": null
}
